# AIBOS UI PACKAGE LOCK FILE
# ===========================
# 
# This file serves as a lock mechanism to prevent unauthorized modifications
# to the @aibos/ui package without proper approval.
#
# LOCK STATUS: ACTIVE
# LOCK DATE: 2024-12-19
# LOCK REASON: Production stability and UI consistency
#
# APPROVAL REQUIRED FOR:
# - Any modifications to core UI components
# - Changes to design system tokens
# - Modifications to component APIs
# - Changes to package.json exports
# - Modifications to tsconfig.json
# - Changes to build configuration (tsup.config.ts)
# - Any dependency updates
# - Accessibility test modifications
#
# APPROVAL PROCESS:
# 1. Create a formal change request
# 2. Get approval from package maintainer
# 3. Update this lock file with approval signature
# 4. Make changes
# 5. Update lock file with completion signature
#
# CURRENT APPROVED MAINTAINERS:
# - Package Owner: [TO BE DEFINED]
# - Technical Lead: [TO BE DEFINED]
# - Design System Lead: [TO BE DEFINED]
#
# SECURITY HASH: [WILL BE GENERATED]
# LAST MODIFIED: 2024-12-19
# MODIFIED BY: System Lock
#
# 
# FILE INTEGRITY HASHES:


# FILE INTEGRITY HASHES:
HASH_src_index.ts: b572cc766be1414c914b0092e4507a842184f805acec79a414abf31d25ee0c8f
HASH_src_core.ts: a4bc0b0684f52d3c74b7cf572bbdbff22c849d658c145f8e52f27d6d5339f1ca
HASH_src_components_index.ts: b67fe9e23b92001907d143d67e6cb87d8b1f0d98b2f1bb603e2a302561b09da3
HASH_src_primitives_index.ts: 60cce949bfd4e801ddea10b61b7711abdf72bfc1221964c3f7bc45978f0ac66f
HASH_src_radix_index.ts: 04b000e6ec01167ddefb26ff1ccf8bcac14aa50fbf4e893a2f02115b79df690c
HASH_src_icons_index.ts: a850c0e163c38f20aaca9995f52fb01a09989854ca26bbdb00955f9fc11192c4
HASH_src_utils_index.ts: aefb5c0ab08d6a66a8522c2a835b35027750cbb3b0e1cf8023d6a06e3e219aae
HASH_src_tokens_index.ts: 8a0cc13a4f1679fbe1190e0871482b9cb5ce871be5c8b6e595fd80a65696ef54
HASH_src_types_index.ts: 476943a621c14081c9f69e3d903bb7cd67bfda22bb72beb8bb98a5f2da2079e2
HASH_src_hooks_index.ts: 19f2a94be4e8fd38ca6860eb4686d248715ecd11c40e73030e5058ef1a1e5574
HASH_src_performance_index.ts: a2db6391d08eab733b7d4b66977a431992b146d920c724d1e9df491418a50eb1
HASH_package.json: 1535e74574a4527aaf5d0c0e292d113ee7e73e2d19212884c9d958cce623c0b4
HASH_tsconfig.json: 1d46061ab750ff31d5ee7b6c5e267cb3c4581e523b7b8a7183edbc8e2f263b50
HASH_tsconfig.types.json: 1dc94e777e0872e40c57e885cfdb71e895c9b09b8d0f49fea0aa11041341fb36
HASH_tsup.config.ts: 2bc059c61937e138ffa2e66ef0a597f12ef9caf44380caaaa7f8678763f16b7c
HASH_vitest.config.ts: 2e4b9eac9f9600b4bc05457782ab0f310063c883a3a790814a4f5270713eccd3
HASH_playwright.config.ts: 5b04e81af4fc6f508e1d02c9461ef1f02ae1f667d24a552c616bef0a802905ac


# FILE INTEGRITY HASHES:


# FILE INTEGRITY HASHES:


# FILE INTEGRITY HASHES:


# FILE INTEGRITY HASHES:


# FILE INTEGRITY HASHES:


# FILE INTEGRITY HASHES:


# FILE INTEGRITY HASHES:


# FILE INTEGRITY HASHES:


# FILE INTEGRITY HASHES:


# FILE INTEGRITY HASHES:


# FILE INTEGRITY HASHES:
HASH_src_index.ts: cbce18afbb8f07c7f401aa7b2de58b7bcca6ef749a2d23dadc304b214afe75af
HASH_src_core.ts: 14b06d3935bdc8107ccaaba255ec3f93bd3912a4315cb11b88e44de3ec23e068
HASH_src_components_index.ts: b67fe9e23b92001907d143d67e6cb87d8b1f0d98b2f1bb603e2a302561b09da3
HASH_src_primitives_index.ts: 60cce949bfd4e801ddea10b61b7711abdf72bfc1221964c3f7bc45978f0ac66f
HASH_src_radix_index.ts: 04b000e6ec01167ddefb26ff1ccf8bcac14aa50fbf4e893a2f02115b79df690c
HASH_src_icons_index.ts: a850c0e163c38f20aaca9995f52fb01a09989854ca26bbdb00955f9fc11192c4
HASH_src_utils_index.ts: a218584e36d224670447c19124bf4c3e8f1fb363c4b4c6045b5aae935a00515c
HASH_src_tokens_index.ts: 8a0cc13a4f1679fbe1190e0871482b9cb5ce871be5c8b6e595fd80a65696ef54
HASH_src_types_index.ts: 33b2e241e821104ba0f08cd5426e6093791bec8da2fe3f9561f7a88a921321b9
HASH_src_hooks_index.ts: 19f2a94be4e8fd38ca6860eb4686d248715ecd11c40e73030e5058ef1a1e5574
HASH_src_performance_index.ts: 40e22423e6763a2c1260b313837acf6f0cadaf6548d70f30ccc9c172de868d6b
HASH_package.json: b66c05cf761af6a261315da1039fef309bbaf108c355a46510421ca6c12f2d39
HASH_tsconfig.json: e9cb3468bb9a429ec554590575c9385b290c489e8f53fb646f3f94352282ef18
HASH_tsconfig.types.json: 56ba5664244620bdef3e35d71b081000502f417883d756540ecf2b28d040ae76
HASH_tsup.config.ts: 2bc059c61937e138ffa2e66ef0a597f12ef9caf44380caaaa7f8678763f16b7c
HASH_vitest.config.ts: 2e4b9eac9f9600b4bc05457782ab0f310063c883a3a790814a4f5270713eccd3
HASH_playwright.config.ts: 5b04e81af4fc6f508e1d02c9461ef1f02ae1f667d24a552c616bef0a802905ac


# FILE INTEGRITY HASHES:
HASH_src_index.ts: cbce18afbb8f07c7f401aa7b2de58b7bcca6ef749a2d23dadc304b214afe75af
HASH_src_core.ts: 14b06d3935bdc8107ccaaba255ec3f93bd3912a4315cb11b88e44de3ec23e068
HASH_src_components_index.ts: b67fe9e23b92001907d143d67e6cb87d8b1f0d98b2f1bb603e2a302561b09da3
HASH_src_primitives_index.ts: 60cce949bfd4e801ddea10b61b7711abdf72bfc1221964c3f7bc45978f0ac66f
HASH_src_radix_index.ts: 04b000e6ec01167ddefb26ff1ccf8bcac14aa50fbf4e893a2f02115b79df690c
HASH_src_icons_index.ts: a850c0e163c38f20aaca9995f52fb01a09989854ca26bbdb00955f9fc11192c4
HASH_src_utils_index.ts: a218584e36d224670447c19124bf4c3e8f1fb363c4b4c6045b5aae935a00515c
HASH_src_tokens_index.ts: 8a0cc13a4f1679fbe1190e0871482b9cb5ce871be5c8b6e595fd80a65696ef54
HASH_src_types_index.ts: 33b2e241e821104ba0f08cd5426e6093791bec8da2fe3f9561f7a88a921321b9
HASH_src_hooks_index.ts: 19f2a94be4e8fd38ca6860eb4686d248715ecd11c40e73030e5058ef1a1e5574
HASH_src_performance_index.ts: 40e22423e6763a2c1260b313837acf6f0cadaf6548d70f30ccc9c172de868d6b
HASH_package.json: 218f8d48d65aca6948f86e7ee69d38eb5b858c64c7be6675c07645726f0efb70
HASH_tsconfig.json: e9cb3468bb9a429ec554590575c9385b290c489e8f53fb646f3f94352282ef18
HASH_tsconfig.types.json: fa884e65fd990044a722f963f995d41666457dded173f226c7ad56e375b3cbb4
HASH_tsup.config.ts: 2bc059c61937e138ffa2e66ef0a597f12ef9caf44380caaaa7f8678763f16b7c
HASH_vitest.config.ts: 2e4b9eac9f9600b4bc05457782ab0f310063c883a3a790814a4f5270713eccd3
HASH_playwright.config.ts: 5b04e81af4fc6f508e1d02c9461ef1f02ae1f667d24a552c616bef0a802905ac

⚠️  WARNING: DO NOT MODIFY THIS FILE WITHOUT PROPER APPROVAL ⚠️
