# AIBOS UTILS PACKAGE LOCK FILE
# ================================
# 
# This file serves as a lock mechanism to prevent unauthorized modifications
# to the @aibos/utils package without proper approval.
#
# LOCK STATUS: ACTIVE
# LOCK DATE: 2024-12-19
# LOCK REASON: Production stability and API consistency
#
# APPROVAL REQUIRED FOR:
# - Any modifications to source files in src/
# - Changes to package.json exports
# - Modifications to tsconfig.json
# - Changes to build configuration (tsup.config.ts)
# - Any dependency updates
#
# APPROVAL PROCESS:
# 1. Create a formal change request
# 2. Get approval from package maintainer
# 3. Update this lock file with approval signature
# 4. Make changes
# 5. Update lock file with completion signature
#
# CURRENT APPROVED MAINTAINERS:
# - Package Owner: [TO BE DEFINED]
# - Technical Lead: [TO BE DEFINED]
#
# SECURITY HASH: [WILL BE GENERATED]
# LAST MODIFIED: 2024-12-19
# MODIFIED BY: System Lock
#
# 
# FILE INTEGRITY HASHES:


# FILE INTEGRITY HASHES:


# FILE INTEGRITY HASHES:


# FILE INTEGRITY HASHES:


# FILE INTEGRITY HASHES:


# FILE INTEGRITY HASHES:


# FILE INTEGRITY HASHES:


# FILE INTEGRITY HASHES:


# FILE INTEGRITY HASHES:


# FILE INTEGRITY HASHES:


# FILE INTEGRITY HASHES:


# FILE INTEGRITY HASHES:


# FILE INTEGRITY HASHES:


# FILE INTEGRITY HASHES:


# FILE INTEGRITY HASHES:


# FILE INTEGRITY HASHES:


# FILE INTEGRITY HASHES:
HASH_src_index.ts: c4b2bda4ad0803ef46b6d04337f92dc68a04d5d2038f1496b24e0c185cdf5717
HASH_src_security.ts: 79936844ceb03896b51e8decc6f911e53296d96ad1b4df15436bc7457ff31ac8
HASH_src_safe-object.ts: 73ae5e8928cc153e4c57c1b84fc5185fe243e7275a5c2d922321fa6c1d17e32b
HASH_src_safeFs.ts: 2d584dd72733802e3b71e1da9707d9b1d2f06a26cd1fe9ce9defe7b90461a9e7
HASH_src_type-guards.ts: 9575b5287e2afb9c00c9606e7ebdbf2b9e590de170a54e09e9751287137564fa
HASH_src_code-quality.ts: 1ff1f12f65b41acc533062f122c4ec5ed2e2106450a7d0d00dcd00627ec81fe6
HASH_package.json: 619343788465043fa632402fc8c945dbe15a54ccea165df41c4754af5a36be8e
HASH_tsconfig.json: 9fa9fbb7e23791e4fb374da4a1d0cac43ce2c6094de4b783e0a182ee0ff19279
HASH_tsup.config.ts: 994c7d911c2bf1d1ea6acaeb25cef3c7ea47649df4093f9321d0d6ec6acffe10

⚠️  WARNING: DO NOT MODIFY THIS FILE WITHOUT PROPER APPROVAL ⚠️
